// !$*UTF8*$!
{
	archiveVersion = 1;
	classes = {
	};
	objectVersion = 50;
	objects = {

/* Begin PBXBuildFile section */
		9404126C2099931D00B7A134 /* AppDelegate.swift in Sources */ = {isa = PBXBuildFile; fileRef = 9404126B2099931D00B7A134 /* AppDelegate.swift */; };
		9404126E2099931D00B7A134 /* ViewController.swift in Sources */ = {isa = PBXBuildFile; fileRef = 9404126D2099931D00B7A134 /* ViewController.swift */; };
		940412702099932000B7A134 /* Assets.xcassets in Resources */ = {isa = PBXBuildFile; fileRef = 9404126F2099932000B7A134 /* Assets.xcassets */; };
		940412732099932000B7A134 /* Main.storyboard in Resources */ = {isa = PBXBuildFile; fileRef = 940412712099932000B7A134 /* Main.storyboard */; };
		9404127E209996E600B7A134 /* Encryptor.swift in Sources */ = {isa = PBXBuildFile; fileRef = 9404127D209996E600B7A134 /* Encryptor.swift */; };
		94CC3490209DF5410000C607 /* Decryptor.swift in Sources */ = {isa = PBXBuildFile; fileRef = 94CC348F209DF5410000C607 /* Decryptor.swift */; };
/* End PBXBuildFile section */

/* Begin PBXFileReference section */
		940412682099931D00B7A134 /* Endecryption.app */ = {isa = PBXFileReference; explicitFileType = wrapper.application; includeInIndex = 0; path = Endecryption.app; sourceTree = BUILT_PRODUCTS_DIR; };
		9404126B2099931D00B7A134 /* AppDelegate.swift */ = {isa = PBXFileReference; lastKnownFileType = sourcecode.swift; path = AppDelegate.swift; sourceTree = "<group>"; };
		9404126D2099931D00B7A134 /* ViewController.swift */ = {isa = PBXFileReference; lastKnownFileType = sourcecode.swift; path = ViewController.swift; sourceTree = "<group>"; };
		9404126F2099932000B7A134 /* Assets.xcassets */ = {isa = PBXFileReference; lastKnownFileType = folder.assetcatalog; path = Assets.xcassets; sourceTree = "<group>"; };
		940412722099932000B7A134 /* Base */ = {isa = PBXFileReference; lastKnownFileType = file.storyboard; name = Base; path = Base.lproj/Main.storyboard; sourceTree = "<group>"; };
		940412742099932000B7A134 /* Info.plist */ = {isa = PBXFileReference; lastKnownFileType = text.plist.xml; path = Info.plist; sourceTree = "<group>"; };
		940412752099932000B7A134 /* Endecryption.entitlements */ = {isa = PBXFileReference; lastKnownFileType = text.plist.entitlements; path = Endecryption.entitlements; sourceTree = "<group>"; };
		9404127D209996E600B7A134 /* Encryptor.swift */ = {isa = PBXFileReference; lastKnownFileType = sourcecode.swift; path = Encryptor.swift; sourceTree = "<group>"; };
		94CC348F209DF5410000C607 /* Decryptor.swift */ = {isa = PBXFileReference; lastKnownFileType = sourcecode.swift; path = Decryptor.swift; sourceTree = "<group>"; };
/* End PBXFileReference section */

/* Begin PBXFrameworksBuildPhase section */
		940412652099931D00B7A134 /* Frameworks */ = {
			isa = PBXFrameworksBuildPhase;
			buildActionMask = 2147483647;
			files = (
			);
			runOnlyForDeploymentPostprocessing = 0;
		};
/* End PBXFrameworksBuildPhase section */

/* Begin PBXGroup section */
		9404125F2099931D00B7A134 = {
			isa = PBXGroup;
			children = (
				9404126A2099931D00B7A134 /* Endecryption */,
				940412692099931D00B7A134 /* Products */,
			);
			sourceTree = "<group>";
		};
		940412692099931D00B7A134 /* Products */ = {
			isa = PBXGroup;
			children = (
				940412682099931D00B7A134 /* Endecryption.app */,
			);
			name = Products;
			sourceTree = "<group>";
		};
		9404126A2099931D00B7A134 /* Endecryption */ = {
			isa = PBXGroup;
			children = (
				9404126B2099931D00B7A134 /* AppDelegate.swift */,
				9404126D2099931D00B7A134 /* ViewController.swift */,
				9404127D209996E600B7A134 /* Encryptor.swift */,
				94CC348F209DF5410000C607 /* Decryptor.swift */,
				9404126F2099932000B7A134 /* Assets.xcassets */,
				940412712099932000B7A134 /* Main.storyboard */,
				940412742099932000B7A134 /* Info.plist */,
				940412752099932000B7A134 /* Endecryption.entitlements */,
			);
			path = Endecryption;
			sourceTree = "<group>";
		};
/* End PBXGroup section */

/* Begin PBXNativeTarget section */
		940412672099931D00B7A134 /* Endecryption */ = {
			isa = PBXNativeTarget;
			buildConfigurationList = 940412782099932000B7A134 /* Build configuration list for PBXNativeTarget "Endecryption" */;
			buildPhases = (
				940412642099931D00B7A134 /* Sources */,
				940412652099931D00B7A134 /* Frameworks */,
				940412662099931D00B7A134 /* Resources */,
			);
			buildRules = (
			);
			dependencies = (
			);
			name = Endecryption;
			productName = Endecryption;
			productReference = 940412682099931D00B7A134 /* Endecryption.app */;
			productType = "com.apple.product-type.application";
		};
/* End PBXNativeTarget section */

/* Begin PBXProject section */
		940412602099931D00B7A134 /* Project object */ = {
			isa = PBXProject;
			attributes = {
				LastSwiftUpdateCheck = 0930;
				LastUpgradeCheck = 0930;
				ORGANIZATIONNAME = "Dove·Z";
				TargetAttributes = {
					940412672099931D00B7A134 = {
						CreatedOnToolsVersion = 9.3;
					};
				};
			};
			buildConfigurationList = 940412632099931D00B7A134 /* Build configuration list for PBXProject "Endecryption" */;
			compatibilityVersion = "Xcode 9.3";
			developmentRegion = en;
			hasScannedForEncodings = 0;
			knownRegions = (
				en,
				Base,
			);
			mainGroup = 9404125F2099931D00B7A134;
			productRefGroup = 940412692099931D00B7A134 /* Products */;
			projectDirPath = "";
			projectRoot = "";
			targets = (
				940412672099931D00B7A134 /* Endecryption */,
			);
		};
/* End PBXProject section */

/* Begin PBXResourcesBuildPhase section */
		940412662099931D00B7A134 /* Resources */ = {
			isa = PBXResourcesBuildPhase;
			buildActionMask = 2147483647;
			files = (
				940412702099932000B7A134 /* Assets.xcassets in Resources */,
				940412732099932000B7A134 /* Main.storyboard in Resources */,
			);
			runOnlyForDeploymentPostprocessing = 0;
		};
/* End PBXResourcesBuildPhase section */

/* Begin PBXSourcesBuildPhase section */
		940412642099931D00B7A134 /* Sources */ = {
			isa = PBXSourcesBuildPhase;
			buildActionMask = 2147483647;
			files = (
				9404126E2099931D00B7A134 /* ViewController.swift in Sources */,
				9404127E209996E600B7A134 /* Encryptor.swift in Sources */,
				94CC3490209DF5410000C607 /* Decryptor.swift in Sources */,
				9404126C2099931D00B7A134 /* AppDelegate.swift in Sources */,
			);
			runOnlyForDeploymentPostprocessing = 0;
		};
/* End PBXSourcesBuildPhase section */

/* Begin PBXVariantGroup section */
		940412712099932000B7A134 /* Main.storyboard */ = {
			isa = PBXVariantGroup;
			children = (
				940412722099932000B7A134 /* Base */,
			);
			name = Main.storyboard;
			sourceTree = "<group>";
		};
/* End PBXVariantGroup section */

/* Begin XCBuildConfiguration section */
		940412762099932000B7A134 /* Debug */ = {
			isa = XCBuildConfiguration;
			buildSettings = {
				ALWAYS_SEARCH_USER_PATHS = NO;
				CLANG_ANALYZER_NONNULL = YES;
				CLANG_ANALYZER_NUMBER_OBJECT_CONVERSION = YES_AGGRESSIVE;
				CLANG_CXX_LANGUAGE_STANDARD = "gnu++14";
				CLANG_CXX_LIBRARY = "libc++";
				CLANG_ENABLE_MODULES = YES;
				CLANG_ENABLE_OBJC_ARC = YES;
				CLANG_ENABLE_OBJC_WEAK = YES;
				CLANG_WARN_BLOCK_CAPTURE_AUTORELEASING = YES;
				CLANG_WARN_BOOL_CONVERSION = YES;
				CLANG_WARN_COMMA = YES;
				CLANG_WARN_CONSTANT_CONVERSION = YES;
				CLANG_WARN_DEPRECATED_OBJC_IMPLEMENTATIONS = YES;
				CLANG_WARN_DIRECT_OBJC_ISA_USAGE = YES_ERROR;
				CLANG_WARN_DOCUMENTATION_COMMENTS = YES;
				CLANG_WARN_EMPTY_BODY = YES;
				CLANG_WARN_ENUM_CONVERSION = YES;
				CLANG_WARN_INFINITE_RECURSION = YES;
				CLANG_WARN_INT_CONVERSION = YES;
				CLANG_WARN_NON_LITERAL_NULL_CONVERSION = YES;
				CLANG_WARN_OBJC_IMPLICIT_RETAIN_SELF = YES;
				CLANG_WARN_OBJC_LITERAL_CONVERSION = YES;
				CLANG_WARN_OBJC_ROOT_CLASS = YES_ERROR;
				CLANG_WARN_RANGE_LOOP_ANALYSIS = YES;
				CLANG_WARN_STRICT_PROTOTYPES = YES;
				CLANG_WARN_SUSPICIOUS_MOVE = YES;
				CLANG_WARN_UNGUARDED_AVAILABILITY = YES_AGGRESSIVE;
				CLANG_WARN_UNREACHABLE_CODE = YES;
				CLANG_WARN__DUPLICATE_METHOD_MATCH = YES;
				CODE_SIGN_IDENTITY = "Mac Developer";
				COPY_PHASE_STRIP = NO;
				DEBUG_INFORMATION_FORMAT = dwarf;
				ENABLE_STRICT_OBJC_MSGSEND = YES;
				ENABLE_TESTABILITY = YES;
				GCC_C_LANGUAGE_STANDARD = gnu11;
				GCC_DYNAMIC_NO_PIC = NO;
				GCC_NO_COMMON_BLOCKS = YES;
				GCC_OPTIMIZATION_LEVEL = 0;
				GCC_PREPROCESSOR_DEFINITIONS = (
					"DEBUG=1",
					"$(inherited)",
				);
				GCC_WARN_64_TO_32_BIT_CONVERSION = YES;
				GCC_WARN_ABOUT_RETURN_TYPE = YES_ERROR;
				GCC_WARN_UNDECLARED_SELECTOR = YES;
				GCC_WARN_UNINITIALIZED_AUTOS = YES_AGGRESSIVE;
				GCC_WARN_UNUSED_FUNCTION = YES;
				GCC_WARN_UNUSED_VARIABLE = YES;
				MACOSX_DEPLOYMENT_TARGET = 10.13;
				MTL_ENABLE_DEBUG_INFO = YES;
				ONLY_ACTIVE_ARCH = YES;
				SDKROOT = macosx;
				SWIFT_ACTIVE_COMPILATION_CONDITIONS = DEBUG;
				SWIFT_OPTIMIZATION_LEVEL = "-Onone";
			};
			name = Debug;
		};
		940412772099932000B7A134 /* Release */ = {
			isa = XCBuildConfiguration;
			buildSettings = {
				ALWAYS_SEARCH_USER_PATHS = NO;
				CLANG_ANALYZER_NONNULL = YES;
				CLANG_ANALYZER_NUMBER_OBJECT_CONVERSION = YES_AGGRESSIVE;
				CLANG_CXX_LANGUAGE_STANDARD = "gnu++14";
				CLANG_CXX_LIBRARY = "libc++";
				CLANG_ENABLE_MODULES = YES;
				CLANG_ENABLE_OBJC_ARC = YES;
				CLANG_ENABLE_OBJC_WEAK = YES;
				CLANG_WARN_BLOCK_CAPTURE_AUTORELEASING = YES;
				CLANG_WARN_BOOL_CONVERSION = YES;
				CLANG_WARN_COMMA = YES;
				CLANG_WARN_CONSTANT_CONVERSION = YES;
				CLANG_WARN_DEPRECATED_OBJC_IMPLEMENTATIONS = YES;
				CLANG_WARN_DIRECT_OBJC_ISA_USAGE = YES_ERROR;
				CLANG_WARN_DOCUMENTATION_COMMENTS = YES;
				CLANG_WARN_EMPTY_BODY = YES;
				CLANG_WARN_ENUM_CONVERSION = YES;
				CLANG_WARN_INFINITE_RECURSION = YES;
				CLANG_WARN_INT_CONVERSION = YES;
				CLANG_WARN_NON_LITERAL_NULL_CONVERSION = YES;
				CLANG_WARN_OBJC_IMPLICIT_RETAIN_SELF = YES;
				CLANG_WARN_OBJC_LITERAL_CONVERSION = YES;
				CLANG_WARN_OBJC_ROOT_CLASS = YES_ERROR;
				CLANG_WARN_RANGE_LOOP_ANALYSIS = YES;
				CLANG_WARN_STRICT_PROTOTYPES = YES;
				CLANG_WARN_SUSPICIOUS_MOVE = YES;
				CLANG_WARN_UNGUARDED_AVAILABILITY = YES_AGGRESSIVE;
				CLANG_WARN_UNREACHABLE_CODE = YES;
				CLANG_WARN__DUPLICATE_METHOD_MATCH = YES;
				CODE_SIGN_IDENTITY = "Mac Developer";
				COPY_PHASE_STRIP = NO;
				DEBUG_INFORMATION_FORMAT = "dwarf-with-dsym";
				ENABLE_NS_ASSERTIONS = NO;
				ENABLE_STRICT_OBJC_MSGSEND = YES;
				GCC_C_LANGUAGE_STANDARD = gnu11;
				GCC_NO_COMMON_BLOCKS = YES;
				GCC_WARN_64_TO_32_BIT_CONVERSION = YES;
				GCC_WARN_ABOUT_RETURN_TYPE = YES_ERROR;
				GCC_WARN_UNDECLARED_SELECTOR = YES;
				GCC_WARN_UNINITIALIZED_AUTOS = YES_AGGRESSIVE;
				GCC_WARN_UNUSED_FUNCTION = YES;
				GCC_WARN_UNUSED_VARIABLE = YES;
				MACOSX_DEPLOYMENT_TARGET = 10.13;
				MTL_ENABLE_DEBUG_INFO = NO;
				SDKROOT = macosx;
				SWIFT_COMPILATION_MODE = wholemodule;
				SWIFT_OPTIMIZATION_LEVEL = "-O";
			};
			name = Release;
		};
		940412792099932000B7A134 /* Debug */ = {
			isa = XCBuildConfiguration;
			buildSettings = {
				ASSETCATALOG_COMPILER_APPICON_NAME = AppIcon;
				CODE_SIGN_ENTITLEMENTS = Endecryption/Endecryption.entitlements;
				CODE_SIGN_STYLE = Automatic;
				COMBINE_HIDPI_IMAGES = YES;
				DEVELOPMENT_TEAM = EQSKXJ7B7B;
				INFOPLIST_FILE = Endecryption/Info.plist;
				LD_RUNPATH_SEARCH_PATHS = (
					"$(inherited)",
					"@executable_path/../Frameworks",
				);
				PRODUCT_BUNDLE_IDENTIFIER = com.dove.Endecryption;
				PRODUCT_NAME = "$(TARGET_NAME)";
				SWIFT_VERSION = 4.0;
			};
			name = Debug;
		};
		9404127A2099932000B7A134 /* Release */ = {
			isa = XCBuildConfiguration;
			buildSettings = {
				ASSETCATALOG_COMPILER_APPICON_NAME = AppIcon;
				CODE_SIGN_ENTITLEMENTS = Endecryption/Endecryption.entitlements;
				CODE_SIGN_STYLE = Automatic;
				COMBINE_HIDPI_IMAGES = YES;
				DEVELOPMENT_TEAM = EQSKXJ7B7B;
				INFOPLIST_FILE = Endecryption/Info.plist;
				LD_RUNPATH_SEARCH_PATHS = (
					"$(inherited)",
					"@executable_path/../Frameworks",
				);
				PRODUCT_BUNDLE_IDENTIFIER = com.dove.Endecryption;
				PRODUCT_NAME = "$(TARGET_NAME)";
				SWIFT_VERSION = 4.0;
			};
			name = Release;
		};
/* End XCBuildConfiguration section */

/* Begin XCConfigurationList section */
		940412632099931D00B7A134 /* Build configuration list for PBXProject "Endecryption" */ = {
			isa = XCConfigurationList;
			buildConfigurations = (
				940412762099932000B7A134 /* Debug */,
				940412772099932000B7A134 /* Release */,
			);
			defaultConfigurationIsVisible = 0;
			defaultConfigurationName = Release;
		};
		940412782099932000B7A134 /* Build configuration list for PBXNativeTarget "Endecryption" */ = {
			isa = XCConfigurationList;
			buildConfigurations = (
				940412792099932000B7A134 /* Debug */,
				9404127A2099932000B7A134 /* Release */,
			);
			defaultConfigurationIsVisible = 0;
			defaultConfigurationName = Release;
		};
/* End XCConfigurationList section */
	};
	rootObject = 940412602099931D00B7A134 /* Project object */;
}
